
Microsoft Visual Studio Solution File, Format Version 12.00
# Visual Studio 14
VisualStudioVersion = 14.0.25420.1
MinimumVisualStudioVersion = 10.0.40219.1
Project("{FAE04EC0-301F-11D3-BF4B-00C04F79EFBC}") = "Deepleo.Web", "Deepleo.Web\Deepleo.Web.csproj", "{407E1BBC-5EAA-4621-971E-3EA9BCB20E30}"
EndProject
Project("{FAE04EC0-301F-11D3-BF4B-00C04F79EFBC}") = "Deepleo.Weixin.SDK", "Deepleo.Weixin.SDK\Deepleo.Weixin.SDK.csproj", "{E7421A8D-6149-402A-82F8-F6D7728CEED1}"
EndProject
Project("{FAE04EC0-301F-11D3-BF4B-00C04F79EFBC}") = "ConsoleAppForTest", "ConsoleAppForTest\ConsoleAppForTest.csproj", "{3DA9896D-C1AA-456E-9603-23A50278EA5D}"
EndProject
Project("{FAE04EC0-301F-11D3-BF4B-00C04F79EFBC}") = "TestWebSite", "TestWebSite\TestWebSite.csproj", "{D3009F45-5878-41FB-A121-AB9AC05057A5}"
EndProject
Project("{FAE04EC0-301F-11D3-BF4B-00C04F79EFBC}") = "LUISLibrary", "LUISLibrary\LUISLibrary.csproj", "{A4FA5C1B-EBCA-421B-99DF-490C29D2925D}"
EndProject
Project("{FAE04EC0-301F-11D3-BF4B-00C04F79EFBC}") = "testBot", "BoBot\BoBot\testBot.csproj", "{A8BA1066-5695-4D71-ABB4-65E5A5E0C3D4}"
EndProject
Project("{2150E333-8FDC-42A3-9474-1A3956D46DE8}") = "Bot", "Bot", "{36E46724-DEFF-473B-9320-18E97B3BC696}"
EndProject
Project("{2150E333-8FDC-42A3-9474-1A3956D46DE8}") = "Wechat", "Wechat", "{5703B6C8-DF43-4E57-8AB1-F9893C23378E}"
EndProject
Project("{FAE04EC0-301F-11D3-BF4B-00C04F79EFBC}") = "CognitiveServicesAI", "CognitiveServicesAI\CognitiveServicesAI.csproj", "{6DC33C14-43FD-4678-896D-67A08F839173}"
EndProject
Global
	GlobalSection(SolutionConfigurationPlatforms) = preSolution
		Debug|Any CPU = Debug|Any CPU
		Release|Any CPU = Release|Any CPU
	EndGlobalSection
	GlobalSection(ProjectConfigurationPlatforms) = postSolution
		{407E1BBC-5EAA-4621-971E-3EA9BCB20E30}.Debug|Any CPU.ActiveCfg = Debug|Any CPU
		{407E1BBC-5EAA-4621-971E-3EA9BCB20E30}.Debug|Any CPU.Build.0 = Debug|Any CPU
		{407E1BBC-5EAA-4621-971E-3EA9BCB20E30}.Release|Any CPU.ActiveCfg = Release|Any CPU
		{407E1BBC-5EAA-4621-971E-3EA9BCB20E30}.Release|Any CPU.Build.0 = Release|Any CPU
		{E7421A8D-6149-402A-82F8-F6D7728CEED1}.Debug|Any CPU.ActiveCfg = Debug|Any CPU
		{E7421A8D-6149-402A-82F8-F6D7728CEED1}.Debug|Any CPU.Build.0 = Debug|Any CPU
		{E7421A8D-6149-402A-82F8-F6D7728CEED1}.Release|Any CPU.ActiveCfg = Release|Any CPU
		{E7421A8D-6149-402A-82F8-F6D7728CEED1}.Release|Any CPU.Build.0 = Release|Any CPU
		{3DA9896D-C1AA-456E-9603-23A50278EA5D}.Debug|Any CPU.ActiveCfg = Debug|Any CPU
		{3DA9896D-C1AA-456E-9603-23A50278EA5D}.Debug|Any CPU.Build.0 = Debug|Any CPU
		{3DA9896D-C1AA-456E-9603-23A50278EA5D}.Release|Any CPU.ActiveCfg = Release|Any CPU
		{3DA9896D-C1AA-456E-9603-23A50278EA5D}.Release|Any CPU.Build.0 = Release|Any CPU
		{D3009F45-5878-41FB-A121-AB9AC05057A5}.Debug|Any CPU.ActiveCfg = Debug|Any CPU
		{D3009F45-5878-41FB-A121-AB9AC05057A5}.Debug|Any CPU.Build.0 = Debug|Any CPU
		{D3009F45-5878-41FB-A121-AB9AC05057A5}.Release|Any CPU.ActiveCfg = Release|Any CPU
		{D3009F45-5878-41FB-A121-AB9AC05057A5}.Release|Any CPU.Build.0 = Release|Any CPU
		{A4FA5C1B-EBCA-421B-99DF-490C29D2925D}.Debug|Any CPU.ActiveCfg = Debug|Any CPU
		{A4FA5C1B-EBCA-421B-99DF-490C29D2925D}.Debug|Any CPU.Build.0 = Debug|Any CPU
		{A4FA5C1B-EBCA-421B-99DF-490C29D2925D}.Release|Any CPU.ActiveCfg = Release|Any CPU
		{A4FA5C1B-EBCA-421B-99DF-490C29D2925D}.Release|Any CPU.Build.0 = Release|Any CPU
		{A8BA1066-5695-4D71-ABB4-65E5A5E0C3D4}.Debug|Any CPU.ActiveCfg = Debug|Any CPU
		{A8BA1066-5695-4D71-ABB4-65E5A5E0C3D4}.Debug|Any CPU.Build.0 = Debug|Any CPU
		{A8BA1066-5695-4D71-ABB4-65E5A5E0C3D4}.Release|Any CPU.ActiveCfg = Release|Any CPU
		{A8BA1066-5695-4D71-ABB4-65E5A5E0C3D4}.Release|Any CPU.Build.0 = Release|Any CPU
		{6DC33C14-43FD-4678-896D-67A08F839173}.Debug|Any CPU.ActiveCfg = Debug|Any CPU
		{6DC33C14-43FD-4678-896D-67A08F839173}.Debug|Any CPU.Build.0 = Debug|Any CPU
		{6DC33C14-43FD-4678-896D-67A08F839173}.Release|Any CPU.ActiveCfg = Release|Any CPU
		{6DC33C14-43FD-4678-896D-67A08F839173}.Release|Any CPU.Build.0 = Release|Any CPU
	EndGlobalSection
	GlobalSection(SolutionProperties) = preSolution
		HideSolutionNode = FALSE
	EndGlobalSection
	GlobalSection(NestedProjects) = preSolution
		{407E1BBC-5EAA-4621-971E-3EA9BCB20E30} = {5703B6C8-DF43-4E57-8AB1-F9893C23378E}
		{E7421A8D-6149-402A-82F8-F6D7728CEED1} = {5703B6C8-DF43-4E57-8AB1-F9893C23378E}
		{D3009F45-5878-41FB-A121-AB9AC05057A5} = {5703B6C8-DF43-4E57-8AB1-F9893C23378E}
		{A4FA5C1B-EBCA-421B-99DF-490C29D2925D} = {36E46724-DEFF-473B-9320-18E97B3BC696}
		{A8BA1066-5695-4D71-ABB4-65E5A5E0C3D4} = {36E46724-DEFF-473B-9320-18E97B3BC696}
		{6DC33C14-43FD-4678-896D-67A08F839173} = {5703B6C8-DF43-4E57-8AB1-F9893C23378E}
	EndGlobalSection
EndGlobal
